
Microsoft Visual Studio Solution File, Format Version 12.00
# Visual Studio Version 17
VisualStudioVersion = 17.5.33627.172
MinimumVisualStudioVersion = 10.0.40219.1
Project("{9A19103F-16F7-4668-BE54-9A1E7A4F7556}") = "AsYouLikeIt.Sdk.Common", "src\AsYouLikeIt.Sdk.Common\AsYouLikeIt.Sdk.Common.csproj", "{1C59A902-7496-4449-889A-22AC2ED380F4}"
EndProject
Global
	GlobalSection(SolutionConfigurationPlatforms) = preSolution
		Debug|Any CPU = Debug|Any CPU
		Release|Any CPU = Release|Any CPU
	EndGlobalSection
	GlobalSection(ProjectConfigurationPlatforms) = postSolution
		{1C59A902-7496-4449-889A-22AC2ED380F4}.Debug|Any CPU.ActiveCfg = Release|Any CPU
		{1C59A902-7496-4449-889A-22AC2ED380F4}.Debug|Any CPU.Build.0 = Release|Any CPU
		{1C59A902-7496-4449-889A-22AC2ED380F4}.Release|Any CPU.ActiveCfg = Release|Any CPU
		{1C59A902-7496-4449-889A-22AC2ED380F4}.Release|Any CPU.Build.0 = Release|Any CPU
	EndGlobalSection
	GlobalSection(SolutionProperties) = preSolution
		HideSolutionNode = FALSE
	EndGlobalSection
	GlobalSection(ExtensibilityGlobals) = postSolution
		SolutionGuid = {39A5728B-7B8B-4C3E-9D72-0F6C95E05ABD}
	EndGlobalSection
EndGlobal
